// !$*UTF8*$!
{
	archiveVersion = 1;
	classes = {
	};
	objectVersion = 50;
	objects = {

/* Begin PBXBuildFile section */
		C5670F4021EDDCA700F49A25 /* AppDelegate.swift in Sources */ = {isa = PBXBuildFile; fileRef = C5670F3F21EDDCA700F49A25 /* AppDelegate.swift */; };
		C5670F4221EDDCA700F49A25 /* ListNoteView.swift in Sources */ = {isa = PBXBuildFile; fileRef = C5670F4121EDDCA700F49A25 /* ListNoteView.swift */; };
		C5670F4521EDDCA700F49A25 /* Main.storyboard in Resources */ = {isa = PBXBuildFile; fileRef = C5670F4321EDDCA700F49A25 /* Main.storyboard */; };
		C5670F4821EDDCA700F49A25 /* Notes.xcdatamodeld in Sources */ = {isa = PBXBuildFile; fileRef = C5670F4621EDDCA700F49A25 /* Notes.xcdatamodeld */; };
		C5670F4A21EDDCA800F49A25 /* Assets.xcassets in Resources */ = {isa = PBXBuildFile; fileRef = C5670F4921EDDCA800F49A25 /* Assets.xcassets */; };
		C5670F4D21EDDCA800F49A25 /* LaunchScreen.storyboard in Resources */ = {isa = PBXBuildFile; fileRef = C5670F4B21EDDCA800F49A25 /* LaunchScreen.storyboard */; };
		C5670F5A21EDF8C200F49A25 /* NotesService.swift in Sources */ = {isa = PBXBuildFile; fileRef = C5670F5921EDF8C200F49A25 /* NotesService.swift */; };
		C5670F5E21EE175D00F49A25 /* ListNoteViewController.swift in Sources */ = {isa = PBXBuildFile; fileRef = C5670F5D21EE175D00F49A25 /* ListNoteViewController.swift */; };
		C5670F6121EE17D600F49A25 /* NoteViewController.swift in Sources */ = {isa = PBXBuildFile; fileRef = C5670F6021EE17D600F49A25 /* NoteViewController.swift */; };
		C5670F6521EE18BD00F49A25 /* NotePresenter.swift in Sources */ = {isa = PBXBuildFile; fileRef = C5670F6421EE18BD00F49A25 /* NotePresenter.swift */; };
		C5670F6721EE32D100F49A25 /* NoteView.swift in Sources */ = {isa = PBXBuildFile; fileRef = C5670F6621EE32D100F49A25 /* NoteView.swift */; };
/* End PBXBuildFile section */

/* Begin PBXFileReference section */
		C5670F3C21EDDCA700F49A25 /* Notes.app */ = {isa = PBXFileReference; explicitFileType = wrapper.application; includeInIndex = 0; path = Notes.app; sourceTree = BUILT_PRODUCTS_DIR; };
		C5670F3F21EDDCA700F49A25 /* AppDelegate.swift */ = {isa = PBXFileReference; lastKnownFileType = sourcecode.swift; path = AppDelegate.swift; sourceTree = "<group>"; };
		C5670F4121EDDCA700F49A25 /* ListNoteView.swift */ = {isa = PBXFileReference; lastKnownFileType = sourcecode.swift; path = ListNoteView.swift; sourceTree = "<group>"; };
		C5670F4421EDDCA700F49A25 /* Base */ = {isa = PBXFileReference; lastKnownFileType = file.storyboard; name = Base; path = Base.lproj/Main.storyboard; sourceTree = "<group>"; };
		C5670F4721EDDCA700F49A25 /* Notes.xcdatamodel */ = {isa = PBXFileReference; lastKnownFileType = wrapper.xcdatamodel; path = Notes.xcdatamodel; sourceTree = "<group>"; };
		C5670F4921EDDCA800F49A25 /* Assets.xcassets */ = {isa = PBXFileReference; lastKnownFileType = folder.assetcatalog; path = Assets.xcassets; sourceTree = "<group>"; };
		C5670F4C21EDDCA800F49A25 /* Base */ = {isa = PBXFileReference; lastKnownFileType = file.storyboard; name = Base; path = Base.lproj/LaunchScreen.storyboard; sourceTree = "<group>"; };
		C5670F4E21EDDCA800F49A25 /* Info.plist */ = {isa = PBXFileReference; lastKnownFileType = text.plist.xml; path = Info.plist; sourceTree = "<group>"; };
		C5670F5921EDF8C200F49A25 /* NotesService.swift */ = {isa = PBXFileReference; lastKnownFileType = sourcecode.swift; path = NotesService.swift; sourceTree = "<group>"; };
		C5670F5D21EE175D00F49A25 /* ListNoteViewController.swift */ = {isa = PBXFileReference; lastKnownFileType = sourcecode.swift; path = ListNoteViewController.swift; sourceTree = "<group>"; };
		C5670F6021EE17D600F49A25 /* NoteViewController.swift */ = {isa = PBXFileReference; lastKnownFileType = sourcecode.swift; path = NoteViewController.swift; sourceTree = "<group>"; };
		C5670F6421EE18BD00F49A25 /* NotePresenter.swift */ = {isa = PBXFileReference; lastKnownFileType = sourcecode.swift; path = NotePresenter.swift; sourceTree = "<group>"; };
		C5670F6621EE32D100F49A25 /* NoteView.swift */ = {isa = PBXFileReference; lastKnownFileType = sourcecode.swift; path = NoteView.swift; sourceTree = "<group>"; };
/* End PBXFileReference section */

/* Begin PBXFrameworksBuildPhase section */
		C5670F3921EDDCA700F49A25 /* Frameworks */ = {
			isa = PBXFrameworksBuildPhase;
			buildActionMask = 2147483647;
			files = (
			);
			runOnlyForDeploymentPostprocessing = 0;
		};
/* End PBXFrameworksBuildPhase section */

/* Begin PBXGroup section */
		C5670F3321EDDCA700F49A25 = {
			isa = PBXGroup;
			children = (
				C5670F3E21EDDCA700F49A25 /* Notes */,
				C5670F3D21EDDCA700F49A25 /* Products */,
			);
			sourceTree = "<group>";
		};
		C5670F3D21EDDCA700F49A25 /* Products */ = {
			isa = PBXGroup;
			children = (
				C5670F3C21EDDCA700F49A25 /* Notes.app */,
			);
			name = Products;
			sourceTree = "<group>";
		};
		C5670F3E21EDDCA700F49A25 /* Notes */ = {
			isa = PBXGroup;
			children = (
				C5670F3F21EDDCA700F49A25 /* AppDelegate.swift */,
				C5670F6821EE50BB00F49A25 /* Controllers */,
				C5670F5821EDEF3A00F49A25 /* Service */,
				C5670F5721EDEEDF00F49A25 /* Presenter */,
				C5670F5521EDEE9E00F49A25 /* View */,
				C5670F4321EDDCA700F49A25 /* Main.storyboard */,
				C5670F4921EDDCA800F49A25 /* Assets.xcassets */,
				C5670F4B21EDDCA800F49A25 /* LaunchScreen.storyboard */,
				C5670F4E21EDDCA800F49A25 /* Info.plist */,
				C5670F4621EDDCA700F49A25 /* Notes.xcdatamodeld */,
			);
			path = Notes;
			sourceTree = "<group>";
		};
		C5670F5521EDEE9E00F49A25 /* View */ = {
			isa = PBXGroup;
			children = (
				C5670F4121EDDCA700F49A25 /* ListNoteView.swift */,
				C5670F6621EE32D100F49A25 /* NoteView.swift */,
			);
			path = View;
			sourceTree = "<group>";
		};
		C5670F5721EDEEDF00F49A25 /* Presenter */ = {
			isa = PBXGroup;
			children = (
				C5670F6421EE18BD00F49A25 /* NotePresenter.swift */,
			);
			path = Presenter;
			sourceTree = "<group>";
		};
		C5670F5821EDEF3A00F49A25 /* Service */ = {
			isa = PBXGroup;
			children = (
				C5670F5921EDF8C200F49A25 /* NotesService.swift */,
			);
			path = Service;
			sourceTree = "<group>";
		};
		C5670F6821EE50BB00F49A25 /* Controllers */ = {
			isa = PBXGroup;
			children = (
				C5670F5D21EE175D00F49A25 /* ListNoteViewController.swift */,
				C5670F6021EE17D600F49A25 /* NoteViewController.swift */,
			);
			path = Controllers;
			sourceTree = "<group>";
		};
/* End PBXGroup section */

/* Begin PBXNativeTarget section */
		C5670F3B21EDDCA700F49A25 /* Notes */ = {
			isa = PBXNativeTarget;
			buildConfigurationList = C5670F5121EDDCA800F49A25 /* Build configuration list for PBXNativeTarget "Notes" */;
			buildPhases = (
				C5670F3821EDDCA700F49A25 /* Sources */,
				C5670F3921EDDCA700F49A25 /* Frameworks */,
				C5670F3A21EDDCA700F49A25 /* Resources */,
			);
			buildRules = (
			);
			dependencies = (
			);
			name = Notes;
			productName = Notes;
			productReference = C5670F3C21EDDCA700F49A25 /* Notes.app */;
			productType = "com.apple.product-type.application";
		};
/* End PBXNativeTarget section */

/* Begin PBXProject section */
		C5670F3421EDDCA700F49A25 /* Project object */ = {
			isa = PBXProject;
			attributes = {
				LastSwiftUpdateCheck = 1010;
				LastUpgradeCheck = 1010;
				ORGANIZATIONNAME = ZalivaCor;
				TargetAttributes = {
					C5670F3B21EDDCA700F49A25 = {
						CreatedOnToolsVersion = 10.1;
					};
				};
			};
			buildConfigurationList = C5670F3721EDDCA700F49A25 /* Build configuration list for PBXProject "Notes" */;
			compatibilityVersion = "Xcode 9.3";
			developmentRegion = en;
			hasScannedForEncodings = 0;
			knownRegions = (
				en,
				Base,
			);
			mainGroup = C5670F3321EDDCA700F49A25;
			productRefGroup = C5670F3D21EDDCA700F49A25 /* Products */;
			projectDirPath = "";
			projectRoot = "";
			targets = (
				C5670F3B21EDDCA700F49A25 /* Notes */,
			);
		};
/* End PBXProject section */

/* Begin PBXResourcesBuildPhase section */
		C5670F3A21EDDCA700F49A25 /* Resources */ = {
			isa = PBXResourcesBuildPhase;
			buildActionMask = 2147483647;
			files = (
				C5670F4D21EDDCA800F49A25 /* LaunchScreen.storyboard in Resources */,
				C5670F4A21EDDCA800F49A25 /* Assets.xcassets in Resources */,
				C5670F4521EDDCA700F49A25 /* Main.storyboard in Resources */,
			);
			runOnlyForDeploymentPostprocessing = 0;
		};
/* End PBXResourcesBuildPhase section */

/* Begin PBXSourcesBuildPhase section */
		C5670F3821EDDCA700F49A25 /* Sources */ = {
			isa = PBXSourcesBuildPhase;
			buildActionMask = 2147483647;
			files = (
				C5670F4221EDDCA700F49A25 /* ListNoteView.swift in Sources */,
				C5670F5A21EDF8C200F49A25 /* NotesService.swift in Sources */,
				C5670F6721EE32D100F49A25 /* NoteView.swift in Sources */,
				C5670F4821EDDCA700F49A25 /* Notes.xcdatamodeld in Sources */,
				C5670F4021EDDCA700F49A25 /* AppDelegate.swift in Sources */,
				C5670F6121EE17D600F49A25 /* NoteViewController.swift in Sources */,
				C5670F6521EE18BD00F49A25 /* NotePresenter.swift in Sources */,
				C5670F5E21EE175D00F49A25 /* ListNoteViewController.swift in Sources */,
			);
			runOnlyForDeploymentPostprocessing = 0;
		};
/* End PBXSourcesBuildPhase section */

/* Begin PBXVariantGroup section */
		C5670F4321EDDCA700F49A25 /* Main.storyboard */ = {
			isa = PBXVariantGroup;
			children = (
				C5670F4421EDDCA700F49A25 /* Base */,
			);
			name = Main.storyboard;
			sourceTree = "<group>";
		};
		C5670F4B21EDDCA800F49A25 /* LaunchScreen.storyboard */ = {
			isa = PBXVariantGroup;
			children = (
				C5670F4C21EDDCA800F49A25 /* Base */,
			);
			name = LaunchScreen.storyboard;
			sourceTree = "<group>";
		};
/* End PBXVariantGroup section */

/* Begin XCBuildConfiguration section */
		C5670F4F21EDDCA800F49A25 /* Debug */ = {
			isa = XCBuildConfiguration;
			buildSettings = {
				ALWAYS_SEARCH_USER_PATHS = NO;
				CLANG_ANALYZER_NONNULL = YES;
				CLANG_ANALYZER_NUMBER_OBJECT_CONVERSION = YES_AGGRESSIVE;
				CLANG_CXX_LANGUAGE_STANDARD = "gnu++14";
				CLANG_CXX_LIBRARY = "libc++";
				CLANG_ENABLE_MODULES = YES;
				CLANG_ENABLE_OBJC_ARC = YES;
				CLANG_ENABLE_OBJC_WEAK = YES;
				CLANG_WARN_BLOCK_CAPTURE_AUTORELEASING = YES;
				CLANG_WARN_BOOL_CONVERSION = YES;
				CLANG_WARN_COMMA = YES;
				CLANG_WARN_CONSTANT_CONVERSION = YES;
				CLANG_WARN_DEPRECATED_OBJC_IMPLEMENTATIONS = YES;
				CLANG_WARN_DIRECT_OBJC_ISA_USAGE = YES_ERROR;
				CLANG_WARN_DOCUMENTATION_COMMENTS = YES;
				CLANG_WARN_EMPTY_BODY = YES;
				CLANG_WARN_ENUM_CONVERSION = YES;
				CLANG_WARN_INFINITE_RECURSION = YES;
				CLANG_WARN_INT_CONVERSION = YES;
				CLANG_WARN_NON_LITERAL_NULL_CONVERSION = YES;
				CLANG_WARN_OBJC_IMPLICIT_RETAIN_SELF = YES;
				CLANG_WARN_OBJC_LITERAL_CONVERSION = YES;
				CLANG_WARN_OBJC_ROOT_CLASS = YES_ERROR;
				CLANG_WARN_RANGE_LOOP_ANALYSIS = YES;
				CLANG_WARN_STRICT_PROTOTYPES = YES;
				CLANG_WARN_SUSPICIOUS_MOVE = YES;
				CLANG_WARN_UNGUARDED_AVAILABILITY = YES_AGGRESSIVE;
				CLANG_WARN_UNREACHABLE_CODE = YES;
				CLANG_WARN__DUPLICATE_METHOD_MATCH = YES;
				CODE_SIGN_IDENTITY = "iPhone Developer";
				COPY_PHASE_STRIP = NO;
				DEBUG_INFORMATION_FORMAT = dwarf;
				ENABLE_STRICT_OBJC_MSGSEND = YES;
				ENABLE_TESTABILITY = YES;
				GCC_C_LANGUAGE_STANDARD = gnu11;
				GCC_DYNAMIC_NO_PIC = NO;
				GCC_NO_COMMON_BLOCKS = YES;
				GCC_OPTIMIZATION_LEVEL = 0;
				GCC_PREPROCESSOR_DEFINITIONS = (
					"DEBUG=1",
					"$(inherited)",
				);
				GCC_WARN_64_TO_32_BIT_CONVERSION = YES;
				GCC_WARN_ABOUT_RETURN_TYPE = YES_ERROR;
				GCC_WARN_UNDECLARED_SELECTOR = YES;
				GCC_WARN_UNINITIALIZED_AUTOS = YES_AGGRESSIVE;
				GCC_WARN_UNUSED_FUNCTION = YES;
				GCC_WARN_UNUSED_VARIABLE = YES;
				IPHONEOS_DEPLOYMENT_TARGET = 12.1;
				MTL_ENABLE_DEBUG_INFO = INCLUDE_SOURCE;
				MTL_FAST_MATH = YES;
				ONLY_ACTIVE_ARCH = YES;
				SDKROOT = iphoneos;
				SWIFT_ACTIVE_COMPILATION_CONDITIONS = DEBUG;
				SWIFT_OPTIMIZATION_LEVEL = "-Onone";
			};
			name = Debug;
		};
		C5670F5021EDDCA800F49A25 /* Release */ = {
			isa = XCBuildConfiguration;
			buildSettings = {
				ALWAYS_SEARCH_USER_PATHS = NO;
				CLANG_ANALYZER_NONNULL = YES;
				CLANG_ANALYZER_NUMBER_OBJECT_CONVERSION = YES_AGGRESSIVE;
				CLANG_CXX_LANGUAGE_STANDARD = "gnu++14";
				CLANG_CXX_LIBRARY = "libc++";
				CLANG_ENABLE_MODULES = YES;
				CLANG_ENABLE_OBJC_ARC = YES;
				CLANG_ENABLE_OBJC_WEAK = YES;
				CLANG_WARN_BLOCK_CAPTURE_AUTORELEASING = YES;
				CLANG_WARN_BOOL_CONVERSION = YES;
				CLANG_WARN_COMMA = YES;
				CLANG_WARN_CONSTANT_CONVERSION = YES;
				CLANG_WARN_DEPRECATED_OBJC_IMPLEMENTATIONS = YES;
				CLANG_WARN_DIRECT_OBJC_ISA_USAGE = YES_ERROR;
				CLANG_WARN_DOCUMENTATION_COMMENTS = YES;
				CLANG_WARN_EMPTY_BODY = YES;
				CLANG_WARN_ENUM_CONVERSION = YES;
				CLANG_WARN_INFINITE_RECURSION = YES;
				CLANG_WARN_INT_CONVERSION = YES;
				CLANG_WARN_NON_LITERAL_NULL_CONVERSION = YES;
				CLANG_WARN_OBJC_IMPLICIT_RETAIN_SELF = YES;
				CLANG_WARN_OBJC_LITERAL_CONVERSION = YES;
				CLANG_WARN_OBJC_ROOT_CLASS = YES_ERROR;
				CLANG_WARN_RANGE_LOOP_ANALYSIS = YES;
				CLANG_WARN_STRICT_PROTOTYPES = YES;
				CLANG_WARN_SUSPICIOUS_MOVE = YES;
				CLANG_WARN_UNGUARDED_AVAILABILITY = YES_AGGRESSIVE;
				CLANG_WARN_UNREACHABLE_CODE = YES;
				CLANG_WARN__DUPLICATE_METHOD_MATCH = YES;
				CODE_SIGN_IDENTITY = "iPhone Developer";
				COPY_PHASE_STRIP = NO;
				DEBUG_INFORMATION_FORMAT = "dwarf-with-dsym";
				ENABLE_NS_ASSERTIONS = NO;
				ENABLE_STRICT_OBJC_MSGSEND = YES;
				GCC_C_LANGUAGE_STANDARD = gnu11;
				GCC_NO_COMMON_BLOCKS = YES;
				GCC_WARN_64_TO_32_BIT_CONVERSION = YES;
				GCC_WARN_ABOUT_RETURN_TYPE = YES_ERROR;
				GCC_WARN_UNDECLARED_SELECTOR = YES;
				GCC_WARN_UNINITIALIZED_AUTOS = YES_AGGRESSIVE;
				GCC_WARN_UNUSED_FUNCTION = YES;
				GCC_WARN_UNUSED_VARIABLE = YES;
				IPHONEOS_DEPLOYMENT_TARGET = 12.1;
				MTL_ENABLE_DEBUG_INFO = NO;
				MTL_FAST_MATH = YES;
				SDKROOT = iphoneos;
				SWIFT_COMPILATION_MODE = wholemodule;
				SWIFT_OPTIMIZATION_LEVEL = "-O";
				VALIDATE_PRODUCT = YES;
			};
			name = Release;
		};
		C5670F5221EDDCA800F49A25 /* Debug */ = {
			isa = XCBuildConfiguration;
			buildSettings = {
				ASSETCATALOG_COMPILER_APPICON_NAME = AppIcon;
				CODE_SIGN_STYLE = Automatic;
				DEVELOPMENT_TEAM = QPLR7YT72W;
				INFOPLIST_FILE = Notes/Info.plist;
				LD_RUNPATH_SEARCH_PATHS = (
					"$(inherited)",
					"@executable_path/Frameworks",
				);
				PRODUCT_BUNDLE_IDENTIFIER = ZA.Notes;
				PRODUCT_NAME = "$(TARGET_NAME)";
				SWIFT_VERSION = 4.2;
				TARGETED_DEVICE_FAMILY = "1,2";
			};
			name = Debug;
		};
		C5670F5321EDDCA800F49A25 /* Release */ = {
			isa = XCBuildConfiguration;
			buildSettings = {
				ASSETCATALOG_COMPILER_APPICON_NAME = AppIcon;
				CODE_SIGN_STYLE = Automatic;
				DEVELOPMENT_TEAM = QPLR7YT72W;
				INFOPLIST_FILE = Notes/Info.plist;
				LD_RUNPATH_SEARCH_PATHS = (
					"$(inherited)",
					"@executable_path/Frameworks",
				);
				PRODUCT_BUNDLE_IDENTIFIER = ZA.Notes;
				PRODUCT_NAME = "$(TARGET_NAME)";
				SWIFT_VERSION = 4.2;
				TARGETED_DEVICE_FAMILY = "1,2";
			};
			name = Release;
		};
/* End XCBuildConfiguration section */

/* Begin XCConfigurationList section */
		C5670F3721EDDCA700F49A25 /* Build configuration list for PBXProject "Notes" */ = {
			isa = XCConfigurationList;
			buildConfigurations = (
				C5670F4F21EDDCA800F49A25 /* Debug */,
				C5670F5021EDDCA800F49A25 /* Release */,
			);
			defaultConfigurationIsVisible = 0;
			defaultConfigurationName = Release;
		};
		C5670F5121EDDCA800F49A25 /* Build configuration list for PBXNativeTarget "Notes" */ = {
			isa = XCConfigurationList;
			buildConfigurations = (
				C5670F5221EDDCA800F49A25 /* Debug */,
				C5670F5321EDDCA800F49A25 /* Release */,
			);
			defaultConfigurationIsVisible = 0;
			defaultConfigurationName = Release;
		};
/* End XCConfigurationList section */

/* Begin XCVersionGroup section */
		C5670F4621EDDCA700F49A25 /* Notes.xcdatamodeld */ = {
			isa = XCVersionGroup;
			children = (
				C5670F4721EDDCA700F49A25 /* Notes.xcdatamodel */,
			);
			currentVersion = C5670F4721EDDCA700F49A25 /* Notes.xcdatamodel */;
			path = Notes.xcdatamodeld;
			sourceTree = "<group>";
			versionGroupType = wrapper.xcdatamodel;
		};
/* End XCVersionGroup section */
	};
	rootObject = C5670F3421EDDCA700F49A25 /* Project object */;
}
